{
  "requires": true,
  "lockfileVersion": 1,
  "dependencies": {
    "alpinejs": {
      "version": "2.1.0",
      "resolved": "https://registry.npmjs.org/alpinejs/-/alpinejs-2.1.0.tgz",
      "integrity": "sha512-8cExuIrXTlac8MNFgq6khqv0wOWPRBQ+wEpLrC3wYm+39xxK8sHlqOJbGaj3iaMnUMsO7bRO/PBr7Oc3Z1zd6A=="
    }
  }
}
